
Microsoft Visual Studio Solution File, Format Version 12.00
# Visual Studio 15
VisualStudioVersion = 15.0.28307.168
MinimumVisualStudioVersion = 10.0.40219.1
Project("{9A19103F-16F7-4668-BE54-9A1E7A4F7556}") = "WebMonitor", "WebMonitor\WebMonitor.csproj", "{3CB52149-8129-47E9-BEC5-0A01469363D3}"
EndProject
Project("{9A19103F-16F7-4668-BE54-9A1E7A4F7556}") = "SharedSerialization", "..\ProMiner\SharedSerialization\SharedSerialization.csproj", "{4E22417F-8C1E-4247-A0F8-112645E82027}"
EndProject
Global
	GlobalSection(SolutionConfigurationPlatforms) = preSolution
		Debug|Any CPU = Debug|Any CPU
		Release|Any CPU = Release|Any CPU
	EndGlobalSection
	GlobalSection(ProjectConfigurationPlatforms) = postSolution
		{3CB52149-8129-47E9-BEC5-0A01469363D3}.Debug|Any CPU.ActiveCfg = Debug|Any CPU
		{3CB52149-8129-47E9-BEC5-0A01469363D3}.Debug|Any CPU.Build.0 = Debug|Any CPU
		{3CB52149-8129-47E9-BEC5-0A01469363D3}.Release|Any CPU.ActiveCfg = Release|Any CPU
		{3CB52149-8129-47E9-BEC5-0A01469363D3}.Release|Any CPU.Build.0 = Release|Any CPU
		{4E22417F-8C1E-4247-A0F8-112645E82027}.Debug|Any CPU.ActiveCfg = Debug|Any CPU
		{4E22417F-8C1E-4247-A0F8-112645E82027}.Debug|Any CPU.Build.0 = Debug|Any CPU
		{4E22417F-8C1E-4247-A0F8-112645E82027}.Release|Any CPU.ActiveCfg = Release|Any CPU
		{4E22417F-8C1E-4247-A0F8-112645E82027}.Release|Any CPU.Build.0 = Release|Any CPU
	EndGlobalSection
	GlobalSection(SolutionProperties) = preSolution
		HideSolutionNode = FALSE
	EndGlobalSection
	GlobalSection(ExtensibilityGlobals) = postSolution
		SolutionGuid = {4CDDCF3E-8091-4B40-843D-E2A900B0B627}
	EndGlobalSection
EndGlobal
